
Microsoft Visual Studio Solution File, Format Version 12.00
# Visual Studio Version 17
VisualStudioVersion = 17.7.33711.374
MinimumVisualStudioVersion = 10.0.40219.1
Project("{FAE04EC0-301F-11D3-BF4B-00C04F79EFBC}") = "AnalizeTextReport", "AnalizeTextReport\AnalizeTextReport.csproj", "{27F05042-A849-4034-8A4B-E3733C9427B4}"
EndProject
Global
	GlobalSection(SolutionConfigurationPlatforms) = preSolution
		Debug|Any CPU = Debug|Any CPU
		Release|Any CPU = Release|Any CPU
	EndGlobalSection
	GlobalSection(ProjectConfigurationPlatforms) = postSolution
		{27F05042-A849-4034-8A4B-E3733C9427B4}.Debug|Any CPU.ActiveCfg = Debug|Any CPU
		{27F05042-A849-4034-8A4B-E3733C9427B4}.Debug|Any CPU.Build.0 = Debug|Any CPU
		{27F05042-A849-4034-8A4B-E3733C9427B4}.Release|Any CPU.ActiveCfg = Release|Any CPU
		{27F05042-A849-4034-8A4B-E3733C9427B4}.Release|Any CPU.Build.0 = Release|Any CPU
	EndGlobalSection
	GlobalSection(SolutionProperties) = preSolution
		HideSolutionNode = FALSE
	EndGlobalSection
	GlobalSection(ExtensibilityGlobals) = postSolution
		SolutionGuid = {65EE6EF7-5E60-4624-9C91-0D44C7BCEC64}
	EndGlobalSection
EndGlobal
